// !$*UTF8*$!
{
archiveVersion = 1;
classes = {
};
objectVersion = 56;
objects = {

/* Begin PBXBuildFile section */
3B816A6B2C58E4F700A8F640 /* DaysCountdownApp.swift in Sources */ = {isa = PBXBuildFile; fileRef = 3B816A602C58E4F700A8F640 /* DaysCountdownApp.swift */; };
3B816A6C2C58E4F700A8F640 /* ContentView.swift in Sources */ = {isa = PBXBuildFile; fileRef = 3B816A612C58E4F700A8F640 /* ContentView.swift */; };
3B816A6D2C58E4F700A8F640 /* Assets.xcassets in Resources */ = {isa = PBXBuildFile; fileRef = 3B816A622C58E4F700A8F640 /* Assets.xcassets */; };
3B816A6E2C58E4F700A8F640 /* Preview Assets.xcassets in Resources */ = {isa = PBXBuildFile; fileRef = 3B816A642C58E4F700A8F640 /* Preview Assets.xcassets */; };
/* End PBXBuildFile section */

/* Begin PBXFileReference section */
3B816A5D2C58E4F700A8F640 /* DaysCountdown.app */ = {isa = PBXFileReference; explicitFileType = wrapper.application; includeInIndex = 0; path = DaysCountdown.app; sourceTree = BUILT_PRODUCTS_DIR; };
3B816A602C58E4F700A8F640 /* DaysCountdownApp.swift */ = {isa = PBXFileReference; lastKnownFileType = sourcecode.swift; path = DaysCountdownApp.swift; sourceTree = "<group>"; };
3B816A612C58E4F700A8F640 /* ContentView.swift */ = {isa = PBXFileReference; lastKnownFileType = sourcecode.swift; path = ContentView.swift; sourceTree = "<group>"; };
3B816A622C58E4F700A8F640 /* Assets.xcassets */ = {isa = PBXFileReference; lastKnownFileType = folder.assetcatalog; path = Assets.xcassets; sourceTree = "<group>"; };
3B816A632C58E4F700A8F640 /* Info.plist */ = {isa = PBXFileReference; lastKnownFileType = text.plist.xml; path = Info.plist; sourceTree = "<group>"; };
3B816A642C58E4F700A8F640 /* Preview Assets.xcassets */ = {isa = PBXFileReference; lastKnownFileType = folder.assetcatalog; path = "Preview Assets.xcassets"; sourceTree = "<group>"; };
/* End PBXFileReference section */

/* Begin PBXFrameworksBuildPhase section */
3B816A572C58E4F700A8F640 /* Frameworks */ = {
isa = PBXFrameworksBuildPhase;
buildActionMask = 2147483647;
files = (
);
runOnlyForDeploymentPostprocessing = 0;
};
/* End PBXFrameworksBuildPhase section */

/* Begin PBXGroup section */
3B816A532C58E4F700A8F640 = {
isa = PBXGroup;
children = (
3B816A5E2C58E4F700A8F640 /* DaysCountdown */,
3B816A5C2C58E4F700A8F640 /* Products */,
);
sourceTree = "<group>";
};
3B816A5C2C58E4F700A8F640 /* Products */ = {
isa = PBXGroup;
children = (
3B816A5D2C58E4F700A8F640 /* DaysCountdown.app */,
);
name = Products;
sourceTree = "<group>";
};
3B816A5E2C58E4F700A8F640 /* DaysCountdown */ = {
isa = PBXGroup;
children = (
3B816A602C58E4F700A8F640 /* DaysCountdownApp.swift */,
3B816A612C58E4F700A8F640 /* ContentView.swift */,
3B816A622C58E4F700A8F640 /* Assets.xcassets */,
3B816A632C58E4F700A8F640 /* Info.plist */,
3B816A652C58E4F700A8F640 /* Preview Content */,
);
path = DaysCountdown;
sourceTree = "<group>";
};
3B816A652C58E4F700A8F640 /* Preview Content */ = {
isa = PBXGroup;
children = (
3B816A642C58E4F700A8F640 /* Preview Assets.xcassets */,
);
path = "Preview Content";
sourceTree = "<group>";
};
/* End PBXGroup section */

/* Begin PBXNativeTarget section */
3B816A5B2C58E4F700A8F640 /* DaysCountdown */ = {
isa = PBXNativeTarget;
buildConfigurationList = 3B816A692C58E4F700A8F640 /* Build configuration list for PBXNativeTarget "DaysCountdown" */;
buildPhases = (
3B816A562C58E4F700A8F640 /* Sources */,
3B816A572C58E4F700A8F640 /* Frameworks */,
3B816A582C58E4F700A8F640 /* Resources */,
);
buildRules = (
);
dependencies = (
);
name = DaysCountdown;
productName = DaysCountdown;
productReference = 3B816A5D2C58E4F700A8F640 /* DaysCountdown.app */;
productType = "com.apple.product-type.application";
};
/* End PBXNativeTarget section */

/* Begin PBXProject section */
3B816A542C58E4F700A8F640 /* Project object */ = {
isa = PBXProject;
attributes = {
BuildIndependentTargetsInParallel = 1;
LastSwiftUpdateCheck = 1530;
LastUpgradeCheck = 1530;
TargetAttributes = {
3B816A5B2C58E4F700A8F640 = {
CreatedOnToolsVersion = 15.3;
};
};
};
buildConfigurationList = 3B816A582C58E4F700A8F641 /* Build configuration list for PBXProject "DaysCountdown" */;
compatibilityVersion = "Xcode 15.0";
developmentRegion = en;
hasScannedForEncodings = 0;
knownRegions = (
en,
);
mainGroup = 3B816A532C58E4F700A8F640;
productRefGroup = 3B816A5C2C58E4F700A8F640 /* Products */;
projectDirPath = "";
projectRoot = "";
targets = (
3B816A5B2C58E4F700A8F640 /* DaysCountdown */,
);
};
/* End PBXProject section */

/* Begin PBXResourcesBuildPhase section */
3B816A582C58E4F700A8F640 /* Resources */ = {
isa = PBXResourcesBuildPhase;
buildActionMask = 2147483647;
files = (
3B816A6E2C58E4F700A8F640 /* Preview Assets.xcassets in Resources */,
3B816A6D2C58E4F700A8F640 /* Assets.xcassets in Resources */,
);
runOnlyForDeploymentPostprocessing = 0;
};
/* End PBXResourcesBuildPhase section */

/* Begin PBXSourcesBuildPhase section */
3B816A562C58E4F700A8F640 /* Sources */ = {
isa = PBXSourcesBuildPhase;
buildActionMask = 2147483647;
files = (
3B816A6B2C58E4F700A8F640 /* DaysCountdownApp.swift in Sources */,
3B816A6C2C58E4F700A8F640 /* ContentView.swift in Sources */,
);
runOnlyForDeploymentPostprocessing = 0;
};
/* End PBXSourcesBuildPhase section */

/* Begin XCBuildConfiguration section */
3B816A672C58E4F700A8F640 /* Debug */ = {
isa = XCBuildConfiguration;
buildSettings = {
ALWAYS_SEARCH_USER_PATHS = NO;
ASSETCATALOG_COMPILER_APPICON_NAME = AppIcon;
CODE_SIGN_STYLE = Automatic;
COMBINE_HIDPI_IMAGES = YES;
CURRENT_PROJECT_VERSION = 1;
DEVELOPMENT_TEAM = "";
GENERATE_INFOPLIST_FILE = NO;
INFOPLIST_FILE = DaysCountdown/Info.plist;
LD_RUNPATH_SEARCH_PATHS = "$(inherited) @executable_path/../Frameworks";
MACOSX_DEPLOYMENT_TARGET = 13.0;
MARKETING_VERSION = 1.0;
PRODUCT_BUNDLE_IDENTIFIER = com.example.DaysCountdown;
PRODUCT_NAME = "$(TARGET_NAME)";
SDKROOT = macosx;
SWIFT_EMIT_LOC_STRINGS = YES;
SWIFT_VERSION = 5.0;
TARGETED_DEVICE_FAMILY = 6;
};
name = Debug;
};
3B816A682C58E4F700A8F640 /* Release */ = {
isa = XCBuildConfiguration;
buildSettings = {
ALWAYS_SEARCH_USER_PATHS = NO;
ASSETCATALOG_COMPILER_APPICON_NAME = AppIcon;
CODE_SIGN_STYLE = Automatic;
COMBINE_HIDPI_IMAGES = YES;
CURRENT_PROJECT_VERSION = 1;
DEVELOPMENT_TEAM = "";
GENERATE_INFOPLIST_FILE = NO;
INFOPLIST_FILE = DaysCountdown/Info.plist;
LD_RUNPATH_SEARCH_PATHS = "$(inherited) @executable_path/../Frameworks";
MACOSX_DEPLOYMENT_TARGET = 13.0;
MARKETING_VERSION = 1.0;
PRODUCT_BUNDLE_IDENTIFIER = com.example.DaysCountdown;
PRODUCT_NAME = "$(TARGET_NAME)";
SDKROOT = macosx;
SWIFT_EMIT_LOC_STRINGS = YES;
SWIFT_VERSION = 5.0;
TARGETED_DEVICE_FAMILY = 6;
};
name = Release;
};
3B816A6A2C58E4F700A8F640 /* Debug */ = {
isa = XCBuildConfiguration;
buildSettings = {
ALWAYS_SEARCH_USER_PATHS = NO;
CLANG_ANALYZER_NONNULL = YES;
CLANG_ANALYZER_NUMBER_OBJECT_CONVERSION = YES_AGGRESSIVE;
CLANG_CXX_LANGUAGE_STANDARD = "gnu++20";
CLANG_ENABLE_MODULES = YES;
CLANG_ENABLE_OBJC_ARC = YES;
CLANG_WARN_BLOCK_CAPTURE_AUTORELEASING = YES;
CLANG_WARN_BOOL_CONVERSION = YES;
CLANG_WARN_COMMA = YES;
CLANG_WARN_CONSTANT_CONVERSION = YES;
CLANG_WARN_DEPRECATED_OBJC_IMPLEMENTATIONS = YES;
CLANG_WARN_DIRECT_OBJC_ISA_USAGE = YES_ERROR;
CLANG_WARN_DOCUMENTATION_COMMENTS = YES;
CLANG_WARN_EMPTY_BODY = YES;
CLANG_WARN_ENUM_CONVERSION = YES;
CLANG_WARN_INFINITE_RECURSION = YES;
CLANG_WARN_INT_CONVERSION = YES;
CLANG_WARN_NON_LITERAL_NULL_CONVERSION = YES;
CLANG_WARN_OBJC_IMPLICIT_RETAIN_SELF = YES;
CLANG_WARN_OBJC_LITERAL_CONVERSION = YES;
CLANG_WARN_QUOTED_INCLUDE_IN_FRAMEWORK_HEADER = YES;
CLANG_WARN_RANGE_LOOP_ANALYSIS = YES;
CLANG_WARN_STRICT_PROTOTYPES = YES;
CLANG_WARN_SUSPICIOUS_MOVE = YES;
CLANG_WARN_UNGUARDED_AVAILABILITY = YES_AGGRESSIVE;
COPY_PHASE_STRIP = NO;
DEBUG_INFORMATION_FORMAT = dwarf;
ENABLE_STRICT_OBJC_MSGSEND = YES;
ENABLE_TESTABILITY = YES;
GCC_C_LANGUAGE_STANDARD = gnu11;
GCC_DYNAMIC_NO_PIC = NO;
GCC_NO_COMMON_BLOCKS = YES;
GCC_OPTIMIZATION_LEVEL = 0;
GCC_PREPROCESSOR_DEFINITIONS = (
"DEBUG=1",
"$(inherited)",
);
GCC_WARN_64_TO_32_BIT_CONVERSION = YES;
GCC_WARN_ABOUT_RETURN_TYPE = YES_ERROR;
GCC_WARN_UNDECLARED_SELECTOR = YES;
GCC_WARN_UNINITIALIZED_AUTOS = YES_AGGRESSIVE;
GCC_WARN_UNUSED_FUNCTION = YES;
GCC_WARN_UNUSED_VARIABLE = YES;
MACOSX_DEPLOYMENT_TARGET = 13.0;
MTL_ENABLE_DEBUG_INFO = INCLUDE_SOURCE;
ONLY_ACTIVE_ARCH = YES;
SDKROOT = macosx;
};
name = Debug;
};
3B816A6F2C58E4F700A8F640 /* Release */ = {
isa = XCBuildConfiguration;
buildSettings = {
ALWAYS_SEARCH_USER_PATHS = NO;
CLANG_ANALYZER_NONNULL = YES;
CLANG_ANALYZER_NUMBER_OBJECT_CONVERSION = YES_AGGRESSIVE;
CLANG_CXX_LANGUAGE_STANDARD = "gnu++20";
CLANG_ENABLE_MODULES = YES;
CLANG_ENABLE_OBJC_ARC = YES;
CLANG_WARN_BLOCK_CAPTURE_AUTORELEASING = YES;
CLANG_WARN_BOOL_CONVERSION = YES;
CLANG_WARN_COMMA = YES;
CLANG_WARN_CONSTANT_CONVERSION = YES;
CLANG_WARN_DEPRECATED_OBJC_IMPLEMENTATIONS = YES;
CLANG_WARN_DIRECT_OBJC_ISA_USAGE = YES_ERROR;
CLANG_WARN_DOCUMENTATION_COMMENTS = YES;
CLANG_WARN_EMPTY_BODY = YES;
CLANG_WARN_ENUM_CONVERSION = YES;
CLANG_WARN_INFINITE_RECURSION = YES;
CLANG_WARN_INT_CONVERSION = YES;
CLANG_WARN_NON_LITERAL_NULL_CONVERSION = YES;
CLANG_WARN_OBJC_IMPLICIT_RETAIN_SELF = YES;
CLANG_WARN_OBJC_LITERAL_CONVERSION = YES;
CLANG_WARN_QUOTED_INCLUDE_IN_FRAMEWORK_HEADER = YES;
CLANG_WARN_RANGE_LOOP_ANALYSIS = YES;
CLANG_WARN_STRICT_PROTOTYPES = YES;
CLANG_WARN_SUSPICIOUS_MOVE = YES;
CLANG_WARN_UNGUARDED_AVAILABILITY = YES_AGGRESSIVE;
CODE_SIGNING_REQUIRED = NO;
COPY_PHASE_STRIP = NO;
DEBUG_INFORMATION_FORMAT = "dwarf-with-dsym";
ENABLE_NS_ASSERTIONS = NO;
ENABLE_STRICT_OBJC_MSGSEND = YES;
GCC_C_LANGUAGE_STANDARD = gnu11;
GCC_NO_COMMON_BLOCKS = YES;
GCC_WARN_64_TO_32_BIT_CONVERSION = YES;
GCC_WARN_ABOUT_RETURN_TYPE = YES_ERROR;
GCC_WARN_UNDECLARED_SELECTOR = YES;
GCC_WARN_UNINITIALIZED_AUTOS = YES_AGGRESSIVE;
GCC_WARN_UNUSED_FUNCTION = YES;
GCC_WARN_UNUSED_VARIABLE = YES;
MACOSX_DEPLOYMENT_TARGET = 13.0;
MTL_ENABLE_DEBUG_INFO = NO;
SDKROOT = macosx;
};
name = Release;
};
/* End XCBuildConfiguration section */

/* Begin XCConfigurationList section */
3B816A582C58E4F700A8F641 /* Build configuration list for PBXProject "DaysCountdown" */ = {
isa = XCConfigurationList;
buildConfigurations = (
3B816A6A2C58E4F700A8F640 /* Debug */,
3B816A6F2C58E4F700A8F640 /* Release */,
);
defaultConfigurationIsVisible = 0;
defaultConfigurationName = Debug;
};
3B816A692C58E4F700A8F640 /* Build configuration list for PBXNativeTarget "DaysCountdown" */ = {
isa = XCConfigurationList;
buildConfigurations = (
3B816A672C58E4F700A8F640 /* Debug */,
3B816A682C58E4F700A8F640 /* Release */,
);
defaultConfigurationIsVisible = 0;
defaultConfigurationName = Debug;
};
/* End XCConfigurationList section */
};
rootObject = 3B816A542C58E4F700A8F640 /* Project object */;
}
